{
  "nodes": {
    "nixpkgs": {
      "locked": {
        "lastModified": 1750935999,
        "narHash": "sha256-Ue4Y1NuG0x9x1JNXiLNTMrbITln0SM3uS+zXAyV5Nz8=",
        "owner": "NixOS",
        "repo": "nixpkgs",
        "rev": "5d90dda89e4d9b6cda6260e438ca1af1dbd57b8b",
        "type": "github"
      },
      "original": {
        "owner": "NixOS",
        "repo": "nixpkgs",
        "type": "github"
      }
    },
    "root": {
      "inputs": {
        "nixpkgs": "nixpkgs"
      }
    }
  },
  "root": "root",
  "version": 7
}
