{
  "nodes": {
    "nixpkgs": {
      "locked": {
        "lastModified": 1748677107,
        "narHash": "sha256-esDsATuO1V6qTh4bQyLj+L36oJoiQlSVou7dcLYNX4s=",
        "owner": "NixOS",
        "repo": "nixpkgs",
        "rev": "2d031f9457062759ad8f70fae01f4b6187f73a20",
        "type": "github"
      },
      "original": {
        "owner": "NixOS",
        "repo": "nixpkgs",
        "type": "github"
      }
    },
    "root": {
      "inputs": {
        "nixpkgs": "nixpkgs"
      }
    }
  },
  "root": "root",
  "version": 7
}
