{
  "nodes": {
    "nixpkgs": {
      "locked": {
        "lastModified": 1750849288,
        "narHash": "sha256-t24RjdlxcLbkC2xZ6LDUViv1nxBFdGfRrlTzE16mwgo=",
        "owner": "NixOS",
        "repo": "nixpkgs",
        "rev": "fb2c741ea98a6d12c91a6b322caf2357247e4d71",
        "type": "github"
      },
      "original": {
        "owner": "NixOS",
        "repo": "nixpkgs",
        "type": "github"
      }
    },
    "root": {
      "inputs": {
        "nixpkgs": "nixpkgs"
      }
    }
  },
  "root": "root",
  "version": 7
}
